
Microsoft Visual Studio Solution File, Format Version 12.00
# Visual Studio Version 17
VisualStudioVersion = 17.10.34928.147
MinimumVisualStudioVersion = 10.0.40219.1
Project("{FAE04EC0-301F-11D3-BF4B-00C04F79EFBC}") = "Jim's Burgers", "Jim's Burgers\Jim's Burgers.csproj", "{7891EFA6-622E-43E3-864B-A07E1A025CD1}"
EndProject
Global
	GlobalSection(SolutionConfigurationPlatforms) = preSolution
		Debug|Any CPU = Debug|Any CPU
		Release|Any CPU = Release|Any CPU
	EndGlobalSection
	GlobalSection(ProjectConfigurationPlatforms) = postSolution
		{7891EFA6-622E-43E3-864B-A07E1A025CD1}.Debug|Any CPU.ActiveCfg = Debug|Any CPU
		{7891EFA6-622E-43E3-864B-A07E1A025CD1}.Debug|Any CPU.Build.0 = Debug|Any CPU
		{7891EFA6-622E-43E3-864B-A07E1A025CD1}.Release|Any CPU.ActiveCfg = Release|Any CPU
		{7891EFA6-622E-43E3-864B-A07E1A025CD1}.Release|Any CPU.Build.0 = Release|Any CPU
	EndGlobalSection
	GlobalSection(SolutionProperties) = preSolution
		HideSolutionNode = FALSE
	EndGlobalSection
	GlobalSection(ExtensibilityGlobals) = postSolution
		SolutionGuid = {EABCA9DE-7F7B-43F2-97F0-EF72940C0F74}
	EndGlobalSection
EndGlobal
