
Microsoft Visual Studio Solution File, Format Version 12.00
# Visual Studio Version 17
VisualStudioVersion = 17.5.33516.290
MinimumVisualStudioVersion = 10.0.40219.1
Project("{FAE04EC0-301F-11D3-BF4B-00C04F79EFBC}") = "numbers2To100", "numbers2To100\numbers2To100.csproj", "{E1AFF96B-FC65-464B-934B-9AF489697FBD}"
EndProject
Global
	GlobalSection(SolutionConfigurationPlatforms) = preSolution
		Debug|Any CPU = Debug|Any CPU
		Release|Any CPU = Release|Any CPU
	EndGlobalSection
	GlobalSection(ProjectConfigurationPlatforms) = postSolution
		{E1AFF96B-FC65-464B-934B-9AF489697FBD}.Debug|Any CPU.ActiveCfg = Debug|Any CPU
		{E1AFF96B-FC65-464B-934B-9AF489697FBD}.Debug|Any CPU.Build.0 = Debug|Any CPU
		{E1AFF96B-FC65-464B-934B-9AF489697FBD}.Release|Any CPU.ActiveCfg = Release|Any CPU
		{E1AFF96B-FC65-464B-934B-9AF489697FBD}.Release|Any CPU.Build.0 = Release|Any CPU
	EndGlobalSection
	GlobalSection(SolutionProperties) = preSolution
		HideSolutionNode = FALSE
	EndGlobalSection
	GlobalSection(ExtensibilityGlobals) = postSolution
		SolutionGuid = {41C3AA00-240E-4067-8C98-7A997B7B70DE}
	EndGlobalSection
EndGlobal
