
Microsoft Visual Studio Solution File, Format Version 12.00
# Visual Studio Version 17
VisualStudioVersion = 17.5.33516.290
MinimumVisualStudioVersion = 10.0.40219.1
Project("{FAE04EC0-301F-11D3-BF4B-00C04F79EFBC}") = "Car Array", "Car Array\Car Array.csproj", "{DA5AF8AD-2B14-4A8C-B0F0-C34E4123E3B2}"
EndProject
Global
	GlobalSection(SolutionConfigurationPlatforms) = preSolution
		Debug|Any CPU = Debug|Any CPU
		Release|Any CPU = Release|Any CPU
	EndGlobalSection
	GlobalSection(ProjectConfigurationPlatforms) = postSolution
		{DA5AF8AD-2B14-4A8C-B0F0-C34E4123E3B2}.Debug|Any CPU.ActiveCfg = Debug|Any CPU
		{DA5AF8AD-2B14-4A8C-B0F0-C34E4123E3B2}.Debug|Any CPU.Build.0 = Debug|Any CPU
		{DA5AF8AD-2B14-4A8C-B0F0-C34E4123E3B2}.Release|Any CPU.ActiveCfg = Release|Any CPU
		{DA5AF8AD-2B14-4A8C-B0F0-C34E4123E3B2}.Release|Any CPU.Build.0 = Release|Any CPU
	EndGlobalSection
	GlobalSection(SolutionProperties) = preSolution
		HideSolutionNode = FALSE
	EndGlobalSection
	GlobalSection(ExtensibilityGlobals) = postSolution
		SolutionGuid = {C1D9F74F-8918-4B6E-AACF-D29C757F601E}
	EndGlobalSection
EndGlobal
