
Microsoft Visual Studio Solution File, Format Version 12.00
# Visual Studio Version 17
VisualStudioVersion = 17.9.34622.214
MinimumVisualStudioVersion = 10.0.40219.1
Project("{FAE04EC0-301F-11D3-BF4B-00C04F79EFBC}") = "Song Entry Form", "Song Entry Form\Song Entry Form.csproj", "{C4CB811E-435D-4FBF-9208-C0BB43EAD7EA}"
EndProject
Global
	GlobalSection(SolutionConfigurationPlatforms) = preSolution
		Debug|Any CPU = Debug|Any CPU
		Release|Any CPU = Release|Any CPU
	EndGlobalSection
	GlobalSection(ProjectConfigurationPlatforms) = postSolution
		{C4CB811E-435D-4FBF-9208-C0BB43EAD7EA}.Debug|Any CPU.ActiveCfg = Debug|Any CPU
		{C4CB811E-435D-4FBF-9208-C0BB43EAD7EA}.Debug|Any CPU.Build.0 = Debug|Any CPU
		{C4CB811E-435D-4FBF-9208-C0BB43EAD7EA}.Release|Any CPU.ActiveCfg = Release|Any CPU
		{C4CB811E-435D-4FBF-9208-C0BB43EAD7EA}.Release|Any CPU.Build.0 = Release|Any CPU
	EndGlobalSection
	GlobalSection(SolutionProperties) = preSolution
		HideSolutionNode = FALSE
	EndGlobalSection
	GlobalSection(ExtensibilityGlobals) = postSolution
		SolutionGuid = {23612C4D-F801-4D2F-A001-E8E28CB8E621}
	EndGlobalSection
EndGlobal
