
Microsoft Visual Studio Solution File, Format Version 12.00
# Visual Studio Version 17
VisualStudioVersion = 17.8.34525.116
MinimumVisualStudioVersion = 10.0.40219.1
Project("{FAE04EC0-301F-11D3-BF4B-00C04F79EFBC}") = "User Login App", "User Login App\User Login App.csproj", "{770F3B04-4736-4402-A54F-E8CC4180F2A7}"
EndProject
Global
	GlobalSection(SolutionConfigurationPlatforms) = preSolution
		Debug|Any CPU = Debug|Any CPU
		Release|Any CPU = Release|Any CPU
	EndGlobalSection
	GlobalSection(ProjectConfigurationPlatforms) = postSolution
		{770F3B04-4736-4402-A54F-E8CC4180F2A7}.Debug|Any CPU.ActiveCfg = Debug|Any CPU
		{770F3B04-4736-4402-A54F-E8CC4180F2A7}.Debug|Any CPU.Build.0 = Debug|Any CPU
		{770F3B04-4736-4402-A54F-E8CC4180F2A7}.Release|Any CPU.ActiveCfg = Release|Any CPU
		{770F3B04-4736-4402-A54F-E8CC4180F2A7}.Release|Any CPU.Build.0 = Release|Any CPU
	EndGlobalSection
	GlobalSection(SolutionProperties) = preSolution
		HideSolutionNode = FALSE
	EndGlobalSection
	GlobalSection(ExtensibilityGlobals) = postSolution
		SolutionGuid = {B145912B-59C9-4798-9CED-18C7D74C85EE}
	EndGlobalSection
EndGlobal
