
Microsoft Visual Studio Solution File, Format Version 12.00
# Visual Studio Version 17
VisualStudioVersion = 17.5.33516.290
MinimumVisualStudioVersion = 10.0.40219.1
Project("{FAE04EC0-301F-11D3-BF4B-00C04F79EFBC}") = "happyHolidays", "happyHolidays\happyHolidays.csproj", "{427060D2-B387-4685-BA95-4B1E3FBD83DE}"
EndProject
Global
	GlobalSection(SolutionConfigurationPlatforms) = preSolution
		Debug|Any CPU = Debug|Any CPU
		Release|Any CPU = Release|Any CPU
	EndGlobalSection
	GlobalSection(ProjectConfigurationPlatforms) = postSolution
		{427060D2-B387-4685-BA95-4B1E3FBD83DE}.Debug|Any CPU.ActiveCfg = Debug|Any CPU
		{427060D2-B387-4685-BA95-4B1E3FBD83DE}.Debug|Any CPU.Build.0 = Debug|Any CPU
		{427060D2-B387-4685-BA95-4B1E3FBD83DE}.Release|Any CPU.ActiveCfg = Release|Any CPU
		{427060D2-B387-4685-BA95-4B1E3FBD83DE}.Release|Any CPU.Build.0 = Release|Any CPU
	EndGlobalSection
	GlobalSection(SolutionProperties) = preSolution
		HideSolutionNode = FALSE
	EndGlobalSection
	GlobalSection(ExtensibilityGlobals) = postSolution
		SolutionGuid = {5B982681-EE47-4370-B03B-26CD7FCF8503}
	EndGlobalSection
EndGlobal
