
Microsoft Visual Studio Solution File, Format Version 12.00
# Visual Studio Version 17
VisualStudioVersion = 17.5.33516.290
MinimumVisualStudioVersion = 10.0.40219.1
Project("{FAE04EC0-301F-11D3-BF4B-00C04F79EFBC}") = "Student Database", "Student Database\Student Database.csproj", "{0D0865D5-584D-49F4-BABC-0BC298D31700}"
EndProject
Global
	GlobalSection(SolutionConfigurationPlatforms) = preSolution
		Debug|Any CPU = Debug|Any CPU
		Release|Any CPU = Release|Any CPU
	EndGlobalSection
	GlobalSection(ProjectConfigurationPlatforms) = postSolution
		{0D0865D5-584D-49F4-BABC-0BC298D31700}.Debug|Any CPU.ActiveCfg = Debug|Any CPU
		{0D0865D5-584D-49F4-BABC-0BC298D31700}.Debug|Any CPU.Build.0 = Debug|Any CPU
		{0D0865D5-584D-49F4-BABC-0BC298D31700}.Release|Any CPU.ActiveCfg = Release|Any CPU
		{0D0865D5-584D-49F4-BABC-0BC298D31700}.Release|Any CPU.Build.0 = Release|Any CPU
	EndGlobalSection
	GlobalSection(SolutionProperties) = preSolution
		HideSolutionNode = FALSE
	EndGlobalSection
	GlobalSection(ExtensibilityGlobals) = postSolution
		SolutionGuid = {0E2BA00C-0B7F-45AC-BC9D-9CCD2C6A6278}
	EndGlobalSection
EndGlobal
