
Microsoft Visual Studio Solution File, Format Version 12.00
# Visual Studio Version 17
VisualStudioVersion = 17.8.34322.80
MinimumVisualStudioVersion = 10.0.40219.1
Project("{FAE04EC0-301F-11D3-BF4B-00C04F79EFBC}") = "Height Categoriser", "Height Categoriser\Height Categoriser.csproj", "{55D03882-3ED0-4C7D-B873-75D95B89D028}"
EndProject
Global
	GlobalSection(SolutionConfigurationPlatforms) = preSolution
		Debug|Any CPU = Debug|Any CPU
		Release|Any CPU = Release|Any CPU
	EndGlobalSection
	GlobalSection(ProjectConfigurationPlatforms) = postSolution
		{55D03882-3ED0-4C7D-B873-75D95B89D028}.Debug|Any CPU.ActiveCfg = Debug|Any CPU
		{55D03882-3ED0-4C7D-B873-75D95B89D028}.Debug|Any CPU.Build.0 = Debug|Any CPU
		{55D03882-3ED0-4C7D-B873-75D95B89D028}.Release|Any CPU.ActiveCfg = Release|Any CPU
		{55D03882-3ED0-4C7D-B873-75D95B89D028}.Release|Any CPU.Build.0 = Release|Any CPU
	EndGlobalSection
	GlobalSection(SolutionProperties) = preSolution
		HideSolutionNode = FALSE
	EndGlobalSection
	GlobalSection(ExtensibilityGlobals) = postSolution
		SolutionGuid = {81EF7971-6247-4D59-84B5-984147E32440}
	EndGlobalSection
EndGlobal
