
Microsoft Visual Studio Solution File, Format Version 12.00
# Visual Studio Version 17
VisualStudioVersion = 17.5.33516.290
MinimumVisualStudioVersion = 10.0.40219.1
Project("{FAE04EC0-301F-11D3-BF4B-00C04F79EFBC}") = "Sac task 1 player fees", "Sac task 1 player fees\Sac task 1 player fees.csproj", "{1E09695A-7CC2-44CE-A398-CFFB94FCD72A}"
EndProject
Global
	GlobalSection(SolutionConfigurationPlatforms) = preSolution
		Debug|Any CPU = Debug|Any CPU
		Release|Any CPU = Release|Any CPU
	EndGlobalSection
	GlobalSection(ProjectConfigurationPlatforms) = postSolution
		{1E09695A-7CC2-44CE-A398-CFFB94FCD72A}.Debug|Any CPU.ActiveCfg = Debug|Any CPU
		{1E09695A-7CC2-44CE-A398-CFFB94FCD72A}.Debug|Any CPU.Build.0 = Debug|Any CPU
		{1E09695A-7CC2-44CE-A398-CFFB94FCD72A}.Release|Any CPU.ActiveCfg = Release|Any CPU
		{1E09695A-7CC2-44CE-A398-CFFB94FCD72A}.Release|Any CPU.Build.0 = Release|Any CPU
	EndGlobalSection
	GlobalSection(SolutionProperties) = preSolution
		HideSolutionNode = FALSE
	EndGlobalSection
	GlobalSection(ExtensibilityGlobals) = postSolution
		SolutionGuid = {BD84B6E8-C20B-44CA-A9EC-E15E620A89B9}
	EndGlobalSection
EndGlobal
