
Microsoft Visual Studio Solution File, Format Version 12.00
# Visual Studio Version 17
VisualStudioVersion = 17.5.33502.453
MinimumVisualStudioVersion = 10.0.40219.1
Project("{FAE04EC0-301F-11D3-BF4B-00C04F79EFBC}") = "Swimming Sports Application", "Swimming Sports Application\Swimming Sports Application.csproj", "{4D9D8294-C5A5-457E-AB9A-C5C5A67291B5}"
EndProject
Global
	GlobalSection(SolutionConfigurationPlatforms) = preSolution
		Debug|Any CPU = Debug|Any CPU
		Release|Any CPU = Release|Any CPU
	EndGlobalSection
	GlobalSection(ProjectConfigurationPlatforms) = postSolution
		{4D9D8294-C5A5-457E-AB9A-C5C5A67291B5}.Debug|Any CPU.ActiveCfg = Debug|Any CPU
		{4D9D8294-C5A5-457E-AB9A-C5C5A67291B5}.Debug|Any CPU.Build.0 = Debug|Any CPU
		{4D9D8294-C5A5-457E-AB9A-C5C5A67291B5}.Release|Any CPU.ActiveCfg = Release|Any CPU
		{4D9D8294-C5A5-457E-AB9A-C5C5A67291B5}.Release|Any CPU.Build.0 = Release|Any CPU
	EndGlobalSection
	GlobalSection(SolutionProperties) = preSolution
		HideSolutionNode = FALSE
	EndGlobalSection
	GlobalSection(ExtensibilityGlobals) = postSolution
		SolutionGuid = {A36CBEAE-F59C-4CBB-ABB9-CAB1CE30575E}
	EndGlobalSection
EndGlobal
