
Microsoft Visual Studio Solution File, Format Version 12.00
# Visual Studio Version 17
VisualStudioVersion = 17.7.34221.43
MinimumVisualStudioVersion = 10.0.40219.1
Project("{FAE04EC0-301F-11D3-BF4B-00C04F79EFBC}") = "Voting eligibility", "Voting eligibility\Voting eligibility.csproj", "{928B3C27-1374-40B9-8411-466D85DC4DC5}"
EndProject
Global
	GlobalSection(SolutionConfigurationPlatforms) = preSolution
		Debug|Any CPU = Debug|Any CPU
		Release|Any CPU = Release|Any CPU
	EndGlobalSection
	GlobalSection(ProjectConfigurationPlatforms) = postSolution
		{928B3C27-1374-40B9-8411-466D85DC4DC5}.Debug|Any CPU.ActiveCfg = Debug|Any CPU
		{928B3C27-1374-40B9-8411-466D85DC4DC5}.Debug|Any CPU.Build.0 = Debug|Any CPU
		{928B3C27-1374-40B9-8411-466D85DC4DC5}.Release|Any CPU.ActiveCfg = Release|Any CPU
		{928B3C27-1374-40B9-8411-466D85DC4DC5}.Release|Any CPU.Build.0 = Release|Any CPU
	EndGlobalSection
	GlobalSection(SolutionProperties) = preSolution
		HideSolutionNode = FALSE
	EndGlobalSection
	GlobalSection(ExtensibilityGlobals) = postSolution
		SolutionGuid = {22343D27-B311-4ACC-842E-29F65AD660E8}
	EndGlobalSection
EndGlobal
