
Microsoft Visual Studio Solution File, Format Version 12.00
# Visual Studio Version 17
VisualStudioVersion = 17.4.33403.182
MinimumVisualStudioVersion = 10.0.40219.1
Project("{FAE04EC0-301F-11D3-BF4B-00C04F79EFBC}") = "Hello World", "Hello World\Hello World.csproj", "{65422C1D-FA64-4CD3-8295-EEC7796F479E}"
EndProject
Global
	GlobalSection(SolutionConfigurationPlatforms) = preSolution
		Debug|Any CPU = Debug|Any CPU
		Release|Any CPU = Release|Any CPU
	EndGlobalSection
	GlobalSection(ProjectConfigurationPlatforms) = postSolution
		{65422C1D-FA64-4CD3-8295-EEC7796F479E}.Debug|Any CPU.ActiveCfg = Debug|Any CPU
		{65422C1D-FA64-4CD3-8295-EEC7796F479E}.Debug|Any CPU.Build.0 = Debug|Any CPU
		{65422C1D-FA64-4CD3-8295-EEC7796F479E}.Release|Any CPU.ActiveCfg = Release|Any CPU
		{65422C1D-FA64-4CD3-8295-EEC7796F479E}.Release|Any CPU.Build.0 = Release|Any CPU
	EndGlobalSection
	GlobalSection(SolutionProperties) = preSolution
		HideSolutionNode = FALSE
	EndGlobalSection
	GlobalSection(ExtensibilityGlobals) = postSolution
		SolutionGuid = {A35E556F-A6A9-4550-81B5-4F608B8FEE01}
	EndGlobalSection
EndGlobal
