
Microsoft Visual Studio Solution File, Format Version 12.00
# Visual Studio Version 17
VisualStudioVersion = 17.5.33502.453
MinimumVisualStudioVersion = 10.0.40219.1
Project("{FAE04EC0-301F-11D3-BF4B-00C04F79EFBC}") = "Seaside Surf", "Seaside Surf\Seaside Surf.csproj", "{FF986CEC-5A57-4D8F-94EA-58996E51CC43}"
EndProject
Global
	GlobalSection(SolutionConfigurationPlatforms) = preSolution
		Debug|Any CPU = Debug|Any CPU
		Release|Any CPU = Release|Any CPU
	EndGlobalSection
	GlobalSection(ProjectConfigurationPlatforms) = postSolution
		{FF986CEC-5A57-4D8F-94EA-58996E51CC43}.Debug|Any CPU.ActiveCfg = Debug|Any CPU
		{FF986CEC-5A57-4D8F-94EA-58996E51CC43}.Debug|Any CPU.Build.0 = Debug|Any CPU
		{FF986CEC-5A57-4D8F-94EA-58996E51CC43}.Release|Any CPU.ActiveCfg = Release|Any CPU
		{FF986CEC-5A57-4D8F-94EA-58996E51CC43}.Release|Any CPU.Build.0 = Release|Any CPU
	EndGlobalSection
	GlobalSection(SolutionProperties) = preSolution
		HideSolutionNode = FALSE
	EndGlobalSection
	GlobalSection(ExtensibilityGlobals) = postSolution
		SolutionGuid = {BAB0541B-7552-4838-8E38-E46A4922479F}
	EndGlobalSection
EndGlobal
