
Microsoft Visual Studio Solution File, Format Version 12.00
# Visual Studio Version 17
VisualStudioVersion = 17.5.33516.290
MinimumVisualStudioVersion = 10.0.40219.1
Project("{FAE04EC0-301F-11D3-BF4B-00C04F79EFBC}") = "Sac task 2 kick tracker", "Sac task 2 kick tracker\Sac task 2 kick tracker.csproj", "{3132B4F9-1CD6-4EDC-B250-31DA5E9AFF6E}"
EndProject
Global
	GlobalSection(SolutionConfigurationPlatforms) = preSolution
		Debug|Any CPU = Debug|Any CPU
		Release|Any CPU = Release|Any CPU
	EndGlobalSection
	GlobalSection(ProjectConfigurationPlatforms) = postSolution
		{3132B4F9-1CD6-4EDC-B250-31DA5E9AFF6E}.Debug|Any CPU.ActiveCfg = Debug|Any CPU
		{3132B4F9-1CD6-4EDC-B250-31DA5E9AFF6E}.Debug|Any CPU.Build.0 = Debug|Any CPU
		{3132B4F9-1CD6-4EDC-B250-31DA5E9AFF6E}.Release|Any CPU.ActiveCfg = Release|Any CPU
		{3132B4F9-1CD6-4EDC-B250-31DA5E9AFF6E}.Release|Any CPU.Build.0 = Release|Any CPU
	EndGlobalSection
	GlobalSection(SolutionProperties) = preSolution
		HideSolutionNode = FALSE
	EndGlobalSection
	GlobalSection(ExtensibilityGlobals) = postSolution
		SolutionGuid = {660338CB-472F-4ABE-9F8A-D1D0128A9EA0}
	EndGlobalSection
EndGlobal
