
Microsoft Visual Studio Solution File, Format Version 12.00
# Visual Studio Version 17
VisualStudioVersion = 17.5.33502.453
MinimumVisualStudioVersion = 10.0.40219.1
Project("{FAE04EC0-301F-11D3-BF4B-00C04F79EFBC}") = "Yard Duty Swap", "Yard Duty Swap\Yard Duty Swap.csproj", "{40B55DC8-DA8C-4C3F-A8BD-F30F7E20E53B}"
EndProject
Global
	GlobalSection(SolutionConfigurationPlatforms) = preSolution
		Debug|Any CPU = Debug|Any CPU
		Release|Any CPU = Release|Any CPU
	EndGlobalSection
	GlobalSection(ProjectConfigurationPlatforms) = postSolution
		{40B55DC8-DA8C-4C3F-A8BD-F30F7E20E53B}.Debug|Any CPU.ActiveCfg = Debug|Any CPU
		{40B55DC8-DA8C-4C3F-A8BD-F30F7E20E53B}.Debug|Any CPU.Build.0 = Debug|Any CPU
		{40B55DC8-DA8C-4C3F-A8BD-F30F7E20E53B}.Release|Any CPU.ActiveCfg = Release|Any CPU
		{40B55DC8-DA8C-4C3F-A8BD-F30F7E20E53B}.Release|Any CPU.Build.0 = Release|Any CPU
	EndGlobalSection
	GlobalSection(SolutionProperties) = preSolution
		HideSolutionNode = FALSE
	EndGlobalSection
	GlobalSection(ExtensibilityGlobals) = postSolution
		SolutionGuid = {14135D02-F347-4C39-A5E9-E249C5A0571F}
	EndGlobalSection
EndGlobal
