
Microsoft Visual Studio Solution File, Format Version 12.00
# Visual Studio Version 17
VisualStudioVersion = 17.5.33516.290
MinimumVisualStudioVersion = 10.0.40219.1
Project("{FAE04EC0-301F-11D3-BF4B-00C04F79EFBC}") = "circumference1", "circumference1\circumference1.csproj", "{40C669A0-C8DA-46D4-9C76-BB5B60F59744}"
EndProject
Global
	GlobalSection(SolutionConfigurationPlatforms) = preSolution
		Debug|Any CPU = Debug|Any CPU
		Release|Any CPU = Release|Any CPU
	EndGlobalSection
	GlobalSection(ProjectConfigurationPlatforms) = postSolution
		{40C669A0-C8DA-46D4-9C76-BB5B60F59744}.Debug|Any CPU.ActiveCfg = Debug|Any CPU
		{40C669A0-C8DA-46D4-9C76-BB5B60F59744}.Debug|Any CPU.Build.0 = Debug|Any CPU
		{40C669A0-C8DA-46D4-9C76-BB5B60F59744}.Release|Any CPU.ActiveCfg = Release|Any CPU
		{40C669A0-C8DA-46D4-9C76-BB5B60F59744}.Release|Any CPU.Build.0 = Release|Any CPU
	EndGlobalSection
	GlobalSection(SolutionProperties) = preSolution
		HideSolutionNode = FALSE
	EndGlobalSection
	GlobalSection(ExtensibilityGlobals) = postSolution
		SolutionGuid = {362D5119-59A7-46C0-A2E0-359FDA55461B}
	EndGlobalSection
EndGlobal
