
Microsoft Visual Studio Solution File, Format Version 12.00
# Visual Studio Version 17
VisualStudioVersion = 17.5.33516.290
MinimumVisualStudioVersion = 10.0.40219.1
Project("{FAE04EC0-301F-11D3-BF4B-00C04F79EFBC}") = "loginWindow", "loginWindow\loginWindow.csproj", "{9DBE9EEA-03C4-42B4-98D0-70F24A3BFFDF}"
EndProject
Global
	GlobalSection(SolutionConfigurationPlatforms) = preSolution
		Debug|Any CPU = Debug|Any CPU
		Release|Any CPU = Release|Any CPU
	EndGlobalSection
	GlobalSection(ProjectConfigurationPlatforms) = postSolution
		{9DBE9EEA-03C4-42B4-98D0-70F24A3BFFDF}.Debug|Any CPU.ActiveCfg = Debug|Any CPU
		{9DBE9EEA-03C4-42B4-98D0-70F24A3BFFDF}.Debug|Any CPU.Build.0 = Debug|Any CPU
		{9DBE9EEA-03C4-42B4-98D0-70F24A3BFFDF}.Release|Any CPU.ActiveCfg = Release|Any CPU
		{9DBE9EEA-03C4-42B4-98D0-70F24A3BFFDF}.Release|Any CPU.Build.0 = Release|Any CPU
	EndGlobalSection
	GlobalSection(SolutionProperties) = preSolution
		HideSolutionNode = FALSE
	EndGlobalSection
	GlobalSection(ExtensibilityGlobals) = postSolution
		SolutionGuid = {95E9CF85-394D-41AD-A572-35B4A75F98FF}
	EndGlobalSection
EndGlobal
